
Microsoft Visual Studio Solution File, Format Version 12.00
# Visual Studio Version 16
VisualStudioVersion = 16.0.31005.135
MinimumVisualStudioVersion = 10.0.40219.1
Project("{FAE04EC0-301F-11D3-BF4B-00C04F79EFBC}") = "TempleTours", "TempleTours.csproj", "{1235993D-2A8B-458D-BE15-D12D9418511A}"
EndProject
Global
	GlobalSection(SolutionConfigurationPlatforms) = preSolution
		Debug|Any CPU = Debug|Any CPU
		Release|Any CPU = Release|Any CPU
	EndGlobalSection
	GlobalSection(ProjectConfigurationPlatforms) = postSolution
		{1235993D-2A8B-458D-BE15-D12D9418511A}.Debug|Any CPU.ActiveCfg = Debug|Any CPU
		{1235993D-2A8B-458D-BE15-D12D9418511A}.Debug|Any CPU.Build.0 = Debug|Any CPU
		{1235993D-2A8B-458D-BE15-D12D9418511A}.Release|Any CPU.ActiveCfg = Release|Any CPU
		{1235993D-2A8B-458D-BE15-D12D9418511A}.Release|Any CPU.Build.0 = Release|Any CPU
	EndGlobalSection
	GlobalSection(SolutionProperties) = preSolution
		HideSolutionNode = FALSE
	EndGlobalSection
	GlobalSection(ExtensibilityGlobals) = postSolution
		SolutionGuid = {6E699E57-AD1C-4098-9710-4B64830EE421}
	EndGlobalSection
EndGlobal
